
Microsoft Visual Studio Solution File, Format Version 12.00
# Visual Studio Version 17
VisualStudioVersion = 17.6.33829.357
MinimumVisualStudioVersion = 10.0.40219.1
Project("{FAE04EC0-301F-11D3-BF4B-00C04F79EFBC}") = "JavidRaceto21DO", "JavidRaceto21DO\JavidRaceto21DO.csproj", "{43198AEA-A03F-47F0-8DE8-48D22A9BDED0}"
EndProject
Global
	GlobalSection(SolutionConfigurationPlatforms) = preSolution
		Debug|Any CPU = Debug|Any CPU
		Release|Any CPU = Release|Any CPU
	EndGlobalSection
	GlobalSection(ProjectConfigurationPlatforms) = postSolution
		{43198AEA-A03F-47F0-8DE8-48D22A9BDED0}.Debug|Any CPU.ActiveCfg = Debug|Any CPU
		{43198AEA-A03F-47F0-8DE8-48D22A9BDED0}.Debug|Any CPU.Build.0 = Debug|Any CPU
		{43198AEA-A03F-47F0-8DE8-48D22A9BDED0}.Release|Any CPU.ActiveCfg = Release|Any CPU
		{43198AEA-A03F-47F0-8DE8-48D22A9BDED0}.Release|Any CPU.Build.0 = Release|Any CPU
	EndGlobalSection
	GlobalSection(SolutionProperties) = preSolution
		HideSolutionNode = FALSE
	EndGlobalSection
	GlobalSection(ExtensibilityGlobals) = postSolution
		SolutionGuid = {DCBDF811-0B6A-407E-881C-035A267A8763}
	EndGlobalSection
EndGlobal
